
Microsoft Visual Studio Solution File, Format Version 12.00
# Visual Studio Version 17
VisualStudioVersion = 17.0.31903.59
MinimumVisualStudioVersion = 10.0.40219.1
Project("{2150E333-8FDC-42A3-9474-1A3956D46DE8}") = "src", "src", "{C8DEA99B-2D9C-4EBE-A815-C339A1864069}"
EndProject
Project("{2150E333-8FDC-42A3-9474-1A3956D46DE8}") = "BuildingBlocks", "BuildingBlocks", "{58500CE1-21AA-4881-A295-A539CD91D11B}"
EndProject
Project("{FAE04EC0-301F-11D3-BF4B-00C04F79EFBC}") = "StrategyOps.Contracts", "src\BuildingBlocks\StrategyOps.Contracts\StrategyOps.Contracts.csproj", "{F5495E6F-C3A6-43FB-9038-7D662486DDC8}"
EndProject
Project("{FAE04EC0-301F-11D3-BF4B-00C04F79EFBC}") = "StrategyOps.BuildingBlocks", "src\BuildingBlocks\StrategyOps.BuildingBlocks\StrategyOps.BuildingBlocks.csproj", "{14F10155-2563-48FD-A318-F4C9E96E3499}"
EndProject
Project("{2150E333-8FDC-42A3-9474-1A3956D46DE8}") = "Services", "Services", "{AD758562-0143-46B9-A50E-00D9283B09F0}"
EndProject
Project("{FAE04EC0-301F-11D3-BF4B-00C04F79EFBC}") = "StrategyOps.Projects.Api", "src\Services\StrategyOps.Projects.Api\StrategyOps.Projects.Api.csproj", "{0D20183A-5B27-4BFF-AD61-8F5840A28F7F}"
EndProject
Project("{2150E333-8FDC-42A3-9474-1A3956D46DE8}") = "tests", "tests", "{6CBA324E-2ECE-47C2-9D49-2E5A4AE0D6DD}"
EndProject
Project("{FAE04EC0-301F-11D3-BF4B-00C04F79EFBC}") = "StrategyOps.Domain.Tests", "tests\StrategyOps.Domain.Tests\StrategyOps.Domain.Tests.csproj", "{A79A399E-BFDB-4EF8-BF27-43F44607A98C}"
EndProject
Project("{FAE04EC0-301F-11D3-BF4B-00C04F79EFBC}") = "StrategyOps.Slice.Tests", "tests\StrategyOps.Slice.Tests\StrategyOps.Slice.Tests.csproj", "{F6BCFC8C-361E-46B8-B508-CFCEBC5F644A}"
EndProject
Project("{FAE04EC0-301F-11D3-BF4B-00C04F79EFBC}") = "StrategyOps.Risk.Api", "src\Services\StrategyOps.Risk.Api\StrategyOps.Risk.Api.csproj", "{3F34899F-37D0-4A25-B17C-318B34B3601D}"
EndProject
Project("{FAE04EC0-301F-11D3-BF4B-00C04F79EFBC}") = "StrategyOps.Issues.Api", "src\Services\StrategyOps.Issues.Api\StrategyOps.Issues.Api.csproj", "{63B5080F-2B50-478D-A959-D52A1268B7C1}"
EndProject
Project("{FAE04EC0-301F-11D3-BF4B-00C04F79EFBC}") = "StrategyOps.Messaging.Tests", "tests\StrategyOps.Messaging.Tests\StrategyOps.Messaging.Tests.csproj", "{12235FF9-A65E-4781-863D-81732CB4DFDA}"
EndProject
Project("{FAE04EC0-301F-11D3-BF4B-00C04F79EFBC}") = "StrategyOps.Kpi.Api", "src\Services\StrategyOps.Kpi.Api\StrategyOps.Kpi.Api.csproj", "{0A5D93E5-1032-4F6D-ADA4-4A8242D743ED}"
EndProject
Project("{FAE04EC0-301F-11D3-BF4B-00C04F79EFBC}") = "StrategyOps.Benefits.Api", "src\Services\StrategyOps.Benefits.Api\StrategyOps.Benefits.Api.csproj", "{015404BA-9000-4C47-A48B-E3933E34CA7F}"
EndProject
Project("{FAE04EC0-301F-11D3-BF4B-00C04F79EFBC}") = "StrategyOps.Reporting.Api", "src\Services\StrategyOps.Reporting.Api\StrategyOps.Reporting.Api.csproj", "{9CAAA735-A5C1-4F0C-958D-C1DE643C83EE}"
EndProject
Project("{FAE04EC0-301F-11D3-BF4B-00C04F79EFBC}") = "StrategyOps.Identity.Api", "src\Services\StrategyOps.Identity.Api\StrategyOps.Identity.Api.csproj", "{DC084DA3-DFBF-452C-8C9F-0FC93FFEE0A9}"
EndProject
Project("{FAE04EC0-301F-11D3-BF4B-00C04F79EFBC}") = "StrategyOps.Discovery.Api", "src\Services\StrategyOps.Discovery.Api\StrategyOps.Discovery.Api.csproj", "{A58A3CA6-0226-4845-9BB1-17D2BA1FF952}"
EndProject
Project("{2150E333-8FDC-42A3-9474-1A3956D46DE8}") = "Gateway", "Gateway", "{1E78C501-1776-48CB-A5B9-B8966B4D8C71}"
EndProject
Project("{FAE04EC0-301F-11D3-BF4B-00C04F79EFBC}") = "StrategyOps.Gateway", "src\Gateway\StrategyOps.Gateway\StrategyOps.Gateway.csproj", "{3C984482-6DCE-4009-8653-B08C6302D973}"
EndProject
Project("{FAE04EC0-301F-11D3-BF4B-00C04F79EFBC}") = "StrategyOps.Contract.Tests", "tests\StrategyOps.Contract.Tests\StrategyOps.Contract.Tests.csproj", "{E4DDB470-B6E8-4ED0-B7DD-3EB143A0D793}"
EndProject
Project("{2150E333-8FDC-42A3-9474-1A3956D46DE8}") = "Monolith", "Monolith", "{E1AF8C49-83AE-4285-8F66-8CB6833DCB6B}"
EndProject
Project("{FAE04EC0-301F-11D3-BF4B-00C04F79EFBC}") = "StrategyOps.Monolith", "src\Monolith\StrategyOps.Monolith\StrategyOps.Monolith.csproj", "{73E0876E-5A4A-415C-909C-5FA8AAD73EC9}"
EndProject
Global
	GlobalSection(SolutionConfigurationPlatforms) = preSolution
		Debug|Any CPU = Debug|Any CPU
		Release|Any CPU = Release|Any CPU
	EndGlobalSection
	GlobalSection(SolutionProperties) = preSolution
		HideSolutionNode = FALSE
	EndGlobalSection
	GlobalSection(ProjectConfigurationPlatforms) = postSolution
		{F5495E6F-C3A6-43FB-9038-7D662486DDC8}.Debug|Any CPU.ActiveCfg = Debug|Any CPU
		{F5495E6F-C3A6-43FB-9038-7D662486DDC8}.Debug|Any CPU.Build.0 = Debug|Any CPU
		{F5495E6F-C3A6-43FB-9038-7D662486DDC8}.Release|Any CPU.ActiveCfg = Release|Any CPU
		{F5495E6F-C3A6-43FB-9038-7D662486DDC8}.Release|Any CPU.Build.0 = Release|Any CPU
		{14F10155-2563-48FD-A318-F4C9E96E3499}.Debug|Any CPU.ActiveCfg = Debug|Any CPU
		{14F10155-2563-48FD-A318-F4C9E96E3499}.Debug|Any CPU.Build.0 = Debug|Any CPU
		{14F10155-2563-48FD-A318-F4C9E96E3499}.Release|Any CPU.ActiveCfg = Release|Any CPU
		{14F10155-2563-48FD-A318-F4C9E96E3499}.Release|Any CPU.Build.0 = Release|Any CPU
		{0D20183A-5B27-4BFF-AD61-8F5840A28F7F}.Debug|Any CPU.ActiveCfg = Debug|Any CPU
		{0D20183A-5B27-4BFF-AD61-8F5840A28F7F}.Debug|Any CPU.Build.0 = Debug|Any CPU
		{0D20183A-5B27-4BFF-AD61-8F5840A28F7F}.Release|Any CPU.ActiveCfg = Release|Any CPU
		{0D20183A-5B27-4BFF-AD61-8F5840A28F7F}.Release|Any CPU.Build.0 = Release|Any CPU
		{A79A399E-BFDB-4EF8-BF27-43F44607A98C}.Debug|Any CPU.ActiveCfg = Debug|Any CPU
		{A79A399E-BFDB-4EF8-BF27-43F44607A98C}.Debug|Any CPU.Build.0 = Debug|Any CPU
		{A79A399E-BFDB-4EF8-BF27-43F44607A98C}.Release|Any CPU.ActiveCfg = Release|Any CPU
		{A79A399E-BFDB-4EF8-BF27-43F44607A98C}.Release|Any CPU.Build.0 = Release|Any CPU
		{F6BCFC8C-361E-46B8-B508-CFCEBC5F644A}.Debug|Any CPU.ActiveCfg = Debug|Any CPU
		{F6BCFC8C-361E-46B8-B508-CFCEBC5F644A}.Debug|Any CPU.Build.0 = Debug|Any CPU
		{F6BCFC8C-361E-46B8-B508-CFCEBC5F644A}.Release|Any CPU.ActiveCfg = Release|Any CPU
		{F6BCFC8C-361E-46B8-B508-CFCEBC5F644A}.Release|Any CPU.Build.0 = Release|Any CPU
		{3F34899F-37D0-4A25-B17C-318B34B3601D}.Debug|Any CPU.ActiveCfg = Debug|Any CPU
		{3F34899F-37D0-4A25-B17C-318B34B3601D}.Debug|Any CPU.Build.0 = Debug|Any CPU
		{3F34899F-37D0-4A25-B17C-318B34B3601D}.Release|Any CPU.ActiveCfg = Release|Any CPU
		{3F34899F-37D0-4A25-B17C-318B34B3601D}.Release|Any CPU.Build.0 = Release|Any CPU
		{63B5080F-2B50-478D-A959-D52A1268B7C1}.Debug|Any CPU.ActiveCfg = Debug|Any CPU
		{63B5080F-2B50-478D-A959-D52A1268B7C1}.Debug|Any CPU.Build.0 = Debug|Any CPU
		{63B5080F-2B50-478D-A959-D52A1268B7C1}.Release|Any CPU.ActiveCfg = Release|Any CPU
		{63B5080F-2B50-478D-A959-D52A1268B7C1}.Release|Any CPU.Build.0 = Release|Any CPU
		{12235FF9-A65E-4781-863D-81732CB4DFDA}.Debug|Any CPU.ActiveCfg = Debug|Any CPU
		{12235FF9-A65E-4781-863D-81732CB4DFDA}.Debug|Any CPU.Build.0 = Debug|Any CPU
		{12235FF9-A65E-4781-863D-81732CB4DFDA}.Release|Any CPU.ActiveCfg = Release|Any CPU
		{12235FF9-A65E-4781-863D-81732CB4DFDA}.Release|Any CPU.Build.0 = Release|Any CPU
		{0A5D93E5-1032-4F6D-ADA4-4A8242D743ED}.Debug|Any CPU.ActiveCfg = Debug|Any CPU
		{0A5D93E5-1032-4F6D-ADA4-4A8242D743ED}.Debug|Any CPU.Build.0 = Debug|Any CPU
		{0A5D93E5-1032-4F6D-ADA4-4A8242D743ED}.Release|Any CPU.ActiveCfg = Release|Any CPU
		{0A5D93E5-1032-4F6D-ADA4-4A8242D743ED}.Release|Any CPU.Build.0 = Release|Any CPU
		{015404BA-9000-4C47-A48B-E3933E34CA7F}.Debug|Any CPU.ActiveCfg = Debug|Any CPU
		{015404BA-9000-4C47-A48B-E3933E34CA7F}.Debug|Any CPU.Build.0 = Debug|Any CPU
		{015404BA-9000-4C47-A48B-E3933E34CA7F}.Release|Any CPU.ActiveCfg = Release|Any CPU
		{015404BA-9000-4C47-A48B-E3933E34CA7F}.Release|Any CPU.Build.0 = Release|Any CPU
		{9CAAA735-A5C1-4F0C-958D-C1DE643C83EE}.Debug|Any CPU.ActiveCfg = Debug|Any CPU
		{9CAAA735-A5C1-4F0C-958D-C1DE643C83EE}.Debug|Any CPU.Build.0 = Debug|Any CPU
		{9CAAA735-A5C1-4F0C-958D-C1DE643C83EE}.Release|Any CPU.ActiveCfg = Release|Any CPU
		{9CAAA735-A5C1-4F0C-958D-C1DE643C83EE}.Release|Any CPU.Build.0 = Release|Any CPU
		{DC084DA3-DFBF-452C-8C9F-0FC93FFEE0A9}.Debug|Any CPU.ActiveCfg = Debug|Any CPU
		{DC084DA3-DFBF-452C-8C9F-0FC93FFEE0A9}.Debug|Any CPU.Build.0 = Debug|Any CPU
		{DC084DA3-DFBF-452C-8C9F-0FC93FFEE0A9}.Release|Any CPU.ActiveCfg = Release|Any CPU
		{DC084DA3-DFBF-452C-8C9F-0FC93FFEE0A9}.Release|Any CPU.Build.0 = Release|Any CPU
		{A58A3CA6-0226-4845-9BB1-17D2BA1FF952}.Debug|Any CPU.ActiveCfg = Debug|Any CPU
		{A58A3CA6-0226-4845-9BB1-17D2BA1FF952}.Debug|Any CPU.Build.0 = Debug|Any CPU
		{A58A3CA6-0226-4845-9BB1-17D2BA1FF952}.Release|Any CPU.ActiveCfg = Release|Any CPU
		{A58A3CA6-0226-4845-9BB1-17D2BA1FF952}.Release|Any CPU.Build.0 = Release|Any CPU
		{3C984482-6DCE-4009-8653-B08C6302D973}.Debug|Any CPU.ActiveCfg = Debug|Any CPU
		{3C984482-6DCE-4009-8653-B08C6302D973}.Debug|Any CPU.Build.0 = Debug|Any CPU
		{3C984482-6DCE-4009-8653-B08C6302D973}.Release|Any CPU.ActiveCfg = Release|Any CPU
		{3C984482-6DCE-4009-8653-B08C6302D973}.Release|Any CPU.Build.0 = Release|Any CPU
		{E4DDB470-B6E8-4ED0-B7DD-3EB143A0D793}.Debug|Any CPU.ActiveCfg = Debug|Any CPU
		{E4DDB470-B6E8-4ED0-B7DD-3EB143A0D793}.Debug|Any CPU.Build.0 = Debug|Any CPU
		{E4DDB470-B6E8-4ED0-B7DD-3EB143A0D793}.Release|Any CPU.ActiveCfg = Release|Any CPU
		{E4DDB470-B6E8-4ED0-B7DD-3EB143A0D793}.Release|Any CPU.Build.0 = Release|Any CPU
		{73E0876E-5A4A-415C-909C-5FA8AAD73EC9}.Debug|Any CPU.ActiveCfg = Debug|Any CPU
		{73E0876E-5A4A-415C-909C-5FA8AAD73EC9}.Debug|Any CPU.Build.0 = Debug|Any CPU
		{73E0876E-5A4A-415C-909C-5FA8AAD73EC9}.Release|Any CPU.ActiveCfg = Release|Any CPU
		{73E0876E-5A4A-415C-909C-5FA8AAD73EC9}.Release|Any CPU.Build.0 = Release|Any CPU
	EndGlobalSection
	GlobalSection(NestedProjects) = preSolution
		{58500CE1-21AA-4881-A295-A539CD91D11B} = {C8DEA99B-2D9C-4EBE-A815-C339A1864069}
		{F5495E6F-C3A6-43FB-9038-7D662486DDC8} = {58500CE1-21AA-4881-A295-A539CD91D11B}
		{14F10155-2563-48FD-A318-F4C9E96E3499} = {58500CE1-21AA-4881-A295-A539CD91D11B}
		{AD758562-0143-46B9-A50E-00D9283B09F0} = {C8DEA99B-2D9C-4EBE-A815-C339A1864069}
		{0D20183A-5B27-4BFF-AD61-8F5840A28F7F} = {AD758562-0143-46B9-A50E-00D9283B09F0}
		{A79A399E-BFDB-4EF8-BF27-43F44607A98C} = {6CBA324E-2ECE-47C2-9D49-2E5A4AE0D6DD}
		{F6BCFC8C-361E-46B8-B508-CFCEBC5F644A} = {6CBA324E-2ECE-47C2-9D49-2E5A4AE0D6DD}
		{3F34899F-37D0-4A25-B17C-318B34B3601D} = {AD758562-0143-46B9-A50E-00D9283B09F0}
		{63B5080F-2B50-478D-A959-D52A1268B7C1} = {AD758562-0143-46B9-A50E-00D9283B09F0}
		{12235FF9-A65E-4781-863D-81732CB4DFDA} = {6CBA324E-2ECE-47C2-9D49-2E5A4AE0D6DD}
		{0A5D93E5-1032-4F6D-ADA4-4A8242D743ED} = {AD758562-0143-46B9-A50E-00D9283B09F0}
		{015404BA-9000-4C47-A48B-E3933E34CA7F} = {AD758562-0143-46B9-A50E-00D9283B09F0}
		{9CAAA735-A5C1-4F0C-958D-C1DE643C83EE} = {AD758562-0143-46B9-A50E-00D9283B09F0}
		{DC084DA3-DFBF-452C-8C9F-0FC93FFEE0A9} = {AD758562-0143-46B9-A50E-00D9283B09F0}
		{A58A3CA6-0226-4845-9BB1-17D2BA1FF952} = {AD758562-0143-46B9-A50E-00D9283B09F0}
		{1E78C501-1776-48CB-A5B9-B8966B4D8C71} = {C8DEA99B-2D9C-4EBE-A815-C339A1864069}
		{3C984482-6DCE-4009-8653-B08C6302D973} = {1E78C501-1776-48CB-A5B9-B8966B4D8C71}
		{E4DDB470-B6E8-4ED0-B7DD-3EB143A0D793} = {6CBA324E-2ECE-47C2-9D49-2E5A4AE0D6DD}
		{E1AF8C49-83AE-4285-8F66-8CB6833DCB6B} = {C8DEA99B-2D9C-4EBE-A815-C339A1864069}
		{73E0876E-5A4A-415C-909C-5FA8AAD73EC9} = {E1AF8C49-83AE-4285-8F66-8CB6833DCB6B}
	EndGlobalSection
EndGlobal
